
Microsoft Visual Studio Solution File, Format Version 12.00
# Visual Studio Version 16
VisualStudioVersion = 25.0.1706.1
MinimumVisualStudioVersion = 10.0.40219.1
Project("{FAE04EC0-301F-11D3-BF4B-00C04F79EFBC}") = "RoundedCorners", "RoundedCorners\RoundedCorners.csproj", "{F480804A-6F98-4D65-A803-477E8CE4DED6}"
EndProject
Global
	GlobalSection(SolutionConfigurationPlatforms) = preSolution
		Debug|Any CPU = Debug|Any CPU
		Release|Any CPU = Release|Any CPU
	EndGlobalSection
	GlobalSection(ProjectConfigurationPlatforms) = postSolution
		{F480804A-6F98-4D65-A803-477E8CE4DED6}.Debug|Any CPU.ActiveCfg = Debug|Any CPU
		{F480804A-6F98-4D65-A803-477E8CE4DED6}.Debug|Any CPU.Build.0 = Debug|Any CPU
		{F480804A-6F98-4D65-A803-477E8CE4DED6}.Release|Any CPU.ActiveCfg = Release|Any CPU
		{F480804A-6F98-4D65-A803-477E8CE4DED6}.Release|Any CPU.Build.0 = Release|Any CPU
	EndGlobalSection
	GlobalSection(SolutionProperties) = preSolution
		HideSolutionNode = FALSE
	EndGlobalSection
	GlobalSection(ExtensibilityGlobals) = postSolution
		SolutionGuid = {F1EFCE93-C5F4-4ED2-B0EE-3F1093DBFF41}
	EndGlobalSection
EndGlobal
